{
  "object": {
    "pins": [
      {
        "package": "BartlebysCore",
        "repositoryURL": "https://github.com/Bartlebys/BartlebysCore",
        "state": {
          "branch": null,
          "revision": "647afbd607b1e94356367994cb6533498ba8317d",
          "version": "1.0.3"
        }
      }
    ]
  },
  "version": 1
}
