{
  "object": {
    "pins": [
      {
        "package": "BartlebysCore",
        "repositoryURL": "https://github.com/Bartlebys/BartlebysCore",
        "state": {
          "branch": null,
          "revision": "cafe36d6eae7fbc14dd9178063cc4ec4da80a127",
          "version": "1.0.2"
        }
      }
    ]
  },
  "version": 1
}
